
Microsoft Visual Studio Solution File, Format Version 12.00
# Visual Studio 15
VisualStudioVersion = 15.0.28306.52
MinimumVisualStudioVersion = 10.0.40219.1
Project("{FAE04EC0-301F-11D3-BF4B-00C04F79EFBC}") = "FirstKata_StringCalculator", "FirstKata_StringCalculator\FirstKata_StringCalculator.csproj", "{377D49AC-3B95-4C27-B7BB-03235CD0EC65}"
EndProject
Project("{FAE04EC0-301F-11D3-BF4B-00C04F79EFBC}") = "StringCalculator_test", "StringCalculator_test\StringCalculator_test.csproj", "{D76A4044-8ED4-41BF-A0D1-B53337E9410A}"
EndProject
Global
	GlobalSection(SolutionConfigurationPlatforms) = preSolution
		Debug|Any CPU = Debug|Any CPU
		Release|Any CPU = Release|Any CPU
	EndGlobalSection
	GlobalSection(ProjectConfigurationPlatforms) = postSolution
		{377D49AC-3B95-4C27-B7BB-03235CD0EC65}.Debug|Any CPU.ActiveCfg = Debug|Any CPU
		{377D49AC-3B95-4C27-B7BB-03235CD0EC65}.Debug|Any CPU.Build.0 = Debug|Any CPU
		{377D49AC-3B95-4C27-B7BB-03235CD0EC65}.Release|Any CPU.ActiveCfg = Release|Any CPU
		{377D49AC-3B95-4C27-B7BB-03235CD0EC65}.Release|Any CPU.Build.0 = Release|Any CPU
		{D76A4044-8ED4-41BF-A0D1-B53337E9410A}.Debug|Any CPU.ActiveCfg = Debug|Any CPU
		{D76A4044-8ED4-41BF-A0D1-B53337E9410A}.Debug|Any CPU.Build.0 = Debug|Any CPU
		{D76A4044-8ED4-41BF-A0D1-B53337E9410A}.Release|Any CPU.ActiveCfg = Release|Any CPU
		{D76A4044-8ED4-41BF-A0D1-B53337E9410A}.Release|Any CPU.Build.0 = Release|Any CPU
	EndGlobalSection
	GlobalSection(SolutionProperties) = preSolution
		HideSolutionNode = FALSE
	EndGlobalSection
	GlobalSection(ExtensibilityGlobals) = postSolution
		SolutionGuid = {E0E74771-6E5E-4F37-ADA0-25189611083F}
	EndGlobalSection
EndGlobal
